
Microsoft Visual Studio Solution File, Format Version 12.00
# Visual Studio 15
VisualStudioVersion = 15.0.26430.12
MinimumVisualStudioVersion = 10.0.40219.1
Project("{9092AA53-FB77-4645-B42D-1CCCA6BD08BD}") = "chat-application", "chat-application\chat-application.njsproj", "{8B0626D7-CCFF-498D-B7FF-CBB3A1C89150}"
EndProject
Global
	GlobalSection(SolutionConfigurationPlatforms) = preSolution
		Debug|Any CPU = Debug|Any CPU
		Release|Any CPU = Release|Any CPU
	EndGlobalSection
	GlobalSection(ProjectConfigurationPlatforms) = postSolution
		{8B0626D7-CCFF-498D-B7FF-CBB3A1C89150}.Debug|Any CPU.ActiveCfg = Debug|Any CPU
		{8B0626D7-CCFF-498D-B7FF-CBB3A1C89150}.Debug|Any CPU.Build.0 = Debug|Any CPU
		{8B0626D7-CCFF-498D-B7FF-CBB3A1C89150}.Release|Any CPU.ActiveCfg = Release|Any CPU
		{8B0626D7-CCFF-498D-B7FF-CBB3A1C89150}.Release|Any CPU.Build.0 = Release|Any CPU
	EndGlobalSection
	GlobalSection(SolutionProperties) = preSolution
		HideSolutionNode = FALSE
	EndGlobalSection
EndGlobal
